
Microsoft Visual Studio Solution File, Format Version 12.00
# Visual Studio Version 16
VisualStudioVersion = 16.0.32602.291
MinimumVisualStudioVersion = 10.0.40219.1
Project("{9A19103F-16F7-4668-BE54-9A1E7A4F7556}") = "SOLID.S", "SOLID.S\SOLID.S.csproj", "{7265D4C4-DD98-40F8-9D8C-9CB2A9AC37B0}"
EndProject
Project("{9A19103F-16F7-4668-BE54-9A1E7A4F7556}") = "SOLID.O", "SOLID.O\SOLID.O.csproj", "{58C66C48-91C9-4D8E-B9A6-5C988D8540F3}"
EndProject
Project("{9A19103F-16F7-4668-BE54-9A1E7A4F7556}") = "SOLID.L", "SOLID.L\SOLID.L.csproj", "{91AB87EB-A6EE-4640-9ADB-15525F1F383C}"
EndProject
Project("{FAE04EC0-301F-11D3-BF4B-00C04F79EFBC}") = "SOLID.I", "SOLID.I\SOLID.I.csproj", "{1C00975C-A327-45CE-BE27-31742F7F40A0}"
EndProject
Project("{FAE04EC0-301F-11D3-BF4B-00C04F79EFBC}") = "SOLID.D", "SOLID.D\SOLID.D.csproj", "{A9ABA030-F81E-4747-9A79-B9F24BB541C5}"
EndProject
Global
	GlobalSection(SolutionConfigurationPlatforms) = preSolution
		Debug|Any CPU = Debug|Any CPU
		Release|Any CPU = Release|Any CPU
	EndGlobalSection
	GlobalSection(ProjectConfigurationPlatforms) = postSolution
		{7265D4C4-DD98-40F8-9D8C-9CB2A9AC37B0}.Debug|Any CPU.ActiveCfg = Debug|Any CPU
		{7265D4C4-DD98-40F8-9D8C-9CB2A9AC37B0}.Debug|Any CPU.Build.0 = Debug|Any CPU
		{7265D4C4-DD98-40F8-9D8C-9CB2A9AC37B0}.Release|Any CPU.ActiveCfg = Release|Any CPU
		{7265D4C4-DD98-40F8-9D8C-9CB2A9AC37B0}.Release|Any CPU.Build.0 = Release|Any CPU
		{58C66C48-91C9-4D8E-B9A6-5C988D8540F3}.Debug|Any CPU.ActiveCfg = Debug|Any CPU
		{58C66C48-91C9-4D8E-B9A6-5C988D8540F3}.Debug|Any CPU.Build.0 = Debug|Any CPU
		{58C66C48-91C9-4D8E-B9A6-5C988D8540F3}.Release|Any CPU.ActiveCfg = Release|Any CPU
		{58C66C48-91C9-4D8E-B9A6-5C988D8540F3}.Release|Any CPU.Build.0 = Release|Any CPU
		{91AB87EB-A6EE-4640-9ADB-15525F1F383C}.Debug|Any CPU.ActiveCfg = Debug|Any CPU
		{91AB87EB-A6EE-4640-9ADB-15525F1F383C}.Debug|Any CPU.Build.0 = Debug|Any CPU
		{91AB87EB-A6EE-4640-9ADB-15525F1F383C}.Release|Any CPU.ActiveCfg = Release|Any CPU
		{91AB87EB-A6EE-4640-9ADB-15525F1F383C}.Release|Any CPU.Build.0 = Release|Any CPU
		{1C00975C-A327-45CE-BE27-31742F7F40A0}.Debug|Any CPU.ActiveCfg = Debug|Any CPU
		{1C00975C-A327-45CE-BE27-31742F7F40A0}.Debug|Any CPU.Build.0 = Debug|Any CPU
		{1C00975C-A327-45CE-BE27-31742F7F40A0}.Release|Any CPU.ActiveCfg = Release|Any CPU
		{1C00975C-A327-45CE-BE27-31742F7F40A0}.Release|Any CPU.Build.0 = Release|Any CPU
		{A9ABA030-F81E-4747-9A79-B9F24BB541C5}.Debug|Any CPU.ActiveCfg = Debug|Any CPU
		{A9ABA030-F81E-4747-9A79-B9F24BB541C5}.Debug|Any CPU.Build.0 = Debug|Any CPU
		{A9ABA030-F81E-4747-9A79-B9F24BB541C5}.Release|Any CPU.ActiveCfg = Release|Any CPU
		{A9ABA030-F81E-4747-9A79-B9F24BB541C5}.Release|Any CPU.Build.0 = Release|Any CPU
	EndGlobalSection
	GlobalSection(SolutionProperties) = preSolution
		HideSolutionNode = FALSE
	EndGlobalSection
	GlobalSection(ExtensibilityGlobals) = postSolution
		SolutionGuid = {76E93DE2-09E9-487A-9AC2-ED5FC5183066}
	EndGlobalSection
EndGlobal
