
Microsoft Visual Studio Solution File, Format Version 12.00
# Visual Studio Version 16
VisualStudioVersion = 16.0.32602.291
MinimumVisualStudioVersion = 10.0.40219.1
Project("{9A19103F-16F7-4668-BE54-9A1E7A4F7556}") = "SOLID.S", "SOLID.S.csproj", "{6A5D0B95-0915-436B-B85A-51F2DEA0E44A}"
EndProject
Global
	GlobalSection(SolutionConfigurationPlatforms) = preSolution
		Debug|Any CPU = Debug|Any CPU
		Release|Any CPU = Release|Any CPU
	EndGlobalSection
	GlobalSection(ProjectConfigurationPlatforms) = postSolution
		{6A5D0B95-0915-436B-B85A-51F2DEA0E44A}.Debug|Any CPU.ActiveCfg = Debug|Any CPU
		{6A5D0B95-0915-436B-B85A-51F2DEA0E44A}.Debug|Any CPU.Build.0 = Debug|Any CPU
		{6A5D0B95-0915-436B-B85A-51F2DEA0E44A}.Release|Any CPU.ActiveCfg = Release|Any CPU
		{6A5D0B95-0915-436B-B85A-51F2DEA0E44A}.Release|Any CPU.Build.0 = Release|Any CPU
	EndGlobalSection
	GlobalSection(SolutionProperties) = preSolution
		HideSolutionNode = FALSE
	EndGlobalSection
	GlobalSection(ExtensibilityGlobals) = postSolution
		SolutionGuid = {76E93DE2-09E9-487A-9AC2-ED5FC5183066}
	EndGlobalSection
EndGlobal
